
Microsoft Visual Studio Solution File, Format Version 12.00
# Visual Studio Version 17
VisualStudioVersion = 17.14.36414.22 d17.14
MinimumVisualStudioVersion = 10.0.40219.1
Project("{FAE04EC0-301F-11D3-BF4B-00C04F79EFBC}") = "erx2", "erx2\erx2.csproj", "{195F191B-8441-499C-9AFF-201AA8C3D5FB}"
EndProject
Global
	GlobalSection(SolutionConfigurationPlatforms) = preSolution
		Debug|Any CPU = Debug|Any CPU
		Release|Any CPU = Release|Any CPU
	EndGlobalSection
	GlobalSection(ProjectConfigurationPlatforms) = postSolution
		{195F191B-8441-499C-9AFF-201AA8C3D5FB}.Debug|Any CPU.ActiveCfg = Debug|Any CPU
		{195F191B-8441-499C-9AFF-201AA8C3D5FB}.Debug|Any CPU.Build.0 = Debug|Any CPU
		{195F191B-8441-499C-9AFF-201AA8C3D5FB}.Release|Any CPU.ActiveCfg = Release|Any CPU
		{195F191B-8441-499C-9AFF-201AA8C3D5FB}.Release|Any CPU.Build.0 = Release|Any CPU
	EndGlobalSection
	GlobalSection(SolutionProperties) = preSolution
		HideSolutionNode = FALSE
	EndGlobalSection
	GlobalSection(ExtensibilityGlobals) = postSolution
		SolutionGuid = {58963DD9-383D-4761-99CF-4704321684DA}
	EndGlobalSection
EndGlobal
