
Microsoft Visual Studio Solution File, Format Version 12.00
# Visual Studio Version 17
VisualStudioVersion = 17.14.36414.22 d17.14
MinimumVisualStudioVersion = 10.0.40219.1
Project("{FAE04EC0-301F-11D3-BF4B-00C04F79EFBC}") = "erx3", "erx3\erx3.csproj", "{9C8F261F-E736-4ED6-BB09-15F8B2CE77ED}"
EndProject
Global
	GlobalSection(SolutionConfigurationPlatforms) = preSolution
		Debug|Any CPU = Debug|Any CPU
		Release|Any CPU = Release|Any CPU
	EndGlobalSection
	GlobalSection(ProjectConfigurationPlatforms) = postSolution
		{9C8F261F-E736-4ED6-BB09-15F8B2CE77ED}.Debug|Any CPU.ActiveCfg = Debug|Any CPU
		{9C8F261F-E736-4ED6-BB09-15F8B2CE77ED}.Debug|Any CPU.Build.0 = Debug|Any CPU
		{9C8F261F-E736-4ED6-BB09-15F8B2CE77ED}.Release|Any CPU.ActiveCfg = Release|Any CPU
		{9C8F261F-E736-4ED6-BB09-15F8B2CE77ED}.Release|Any CPU.Build.0 = Release|Any CPU
	EndGlobalSection
	GlobalSection(SolutionProperties) = preSolution
		HideSolutionNode = FALSE
	EndGlobalSection
	GlobalSection(ExtensibilityGlobals) = postSolution
		SolutionGuid = {395CF7BF-2751-4D73-8127-73FE7FDA5BD6}
	EndGlobalSection
EndGlobal
